
Microsoft Visual Studio Solution File, Format Version 12.00
# Visual Studio Version 17
VisualStudioVersion = 17.1.32319.34
MinimumVisualStudioVersion = 10.0.40219.1
Project("{2150E333-8FDC-42A3-9474-1A3956D46DE8}") = "Services", "Services", "{722D01FC-1F0C-4A4E-9217-AC7F95CBEC00}"
EndProject
Project("{2150E333-8FDC-42A3-9474-1A3956D46DE8}") = "Catalog", "Catalog", "{BD3BF6F2-2F27-438B-B883-6F39C6AC4FB6}"
EndProject
Project("{9A19103F-16F7-4668-BE54-9A1E7A4F7556}") = "Catalog.API", "Services\Catalog\Catalog.API\Catalog.API.csproj", "{E96AC427-04E5-4CC4-B342-1D2305C6A2DF}"
EndProject
Project("{E53339B2-1760-4266-BCC7-CA923CBCF16C}") = "docker-compose", "docker-compose.dcproj", "{321CC731-983B-4DDB-9735-8F8818B1D843}"
EndProject
Project("{2150E333-8FDC-42A3-9474-1A3956D46DE8}") = "Basket", "Basket", "{A87ECE65-334D-48D9-9420-1EE6E1780B01}"
EndProject
Project("{9A19103F-16F7-4668-BE54-9A1E7A4F7556}") = "Basket.API", "Services\Basket\Basket.API\Basket.API.csproj", "{74647BBE-8FD8-4483-90BF-12D06D926A6A}"
EndProject
Project("{9A19103F-16F7-4668-BE54-9A1E7A4F7556}") = "Basket.Domain", "Services\Basket\Basket.Domain\Basket.Domain.csproj", "{4B2B043A-5B93-44EA-BB88-90FF7E369439}"
EndProject
Project("{9A19103F-16F7-4668-BE54-9A1E7A4F7556}") = "Basket.Infrastructure", "Services\Basket\Basket.Infrastructure\Basket.Infrastructure.csproj", "{6D752599-3F3B-4279-A21D-5CD094B26DC9}"
EndProject
Project("{2150E333-8FDC-42A3-9474-1A3956D46DE8}") = "Discount", "Discount", "{9CB868AA-9C81-4EAE-9394-3D9BAFA7C84B}"
EndProject
Project("{9A19103F-16F7-4668-BE54-9A1E7A4F7556}") = "Discount.API", "Services\Discount\Discount.API\Discount.API.csproj", "{E2CBF9F6-A8B5-4ABD-ACD5-AA2540BC511C}"
EndProject
Project("{9A19103F-16F7-4668-BE54-9A1E7A4F7556}") = "Discount.Domain", "Services\Discount\Discount.Domain\Discount.Domain.csproj", "{7D7AE6AC-D43A-45CB-B0E0-AF30D1ADFFA4}"
EndProject
Project("{9A19103F-16F7-4668-BE54-9A1E7A4F7556}") = "Discount.Infrastructure", "Services\Discount\Discount.Infrastructure\Discount.Infrastructure.csproj", "{3B5671CF-F3AF-49BF-9033-CEF5E573AAFC}"
EndProject
Project("{9A19103F-16F7-4668-BE54-9A1E7A4F7556}") = "Discount.Grpc", "Services\Discount\Discount.Grpc\Discount.Grpc.csproj", "{E43CB127-8B22-42DB-B89D-3E2FA35BD534}"
EndProject
Project("{9A19103F-16F7-4668-BE54-9A1E7A4F7556}") = "Shared.API", "Services\Shared.API\Shared.API.csproj", "{CCD675E5-F247-4369-B0BF-1F07D68A2F0D}"
EndProject
Project("{9A19103F-16F7-4668-BE54-9A1E7A4F7556}") = "Shared.Domain", "Services\Shared.Domain\Shared.Domain.csproj", "{E73BC97B-9C14-4996-8055-B3CA23DB26B8}"
EndProject
Project("{9A19103F-16F7-4668-BE54-9A1E7A4F7556}") = "Shared.Infrastructure", "Services\Shared.Infrastructure\Shared.Infrastructure.csproj", "{B1C7DB65-B9E2-467D-BBF3-57BF7F69E8C9}"
EndProject
Project("{2150E333-8FDC-42A3-9474-1A3956D46DE8}") = "Ordering", "Ordering", "{49B6BB59-9BA0-4ED1-9EE9-916DAEC40D62}"
EndProject
Project("{9A19103F-16F7-4668-BE54-9A1E7A4F7556}") = "Ordering.API", "Services\Ordering\Ordering.API\Ordering.API.csproj", "{3F2ED397-4C4E-4E24-B8BA-1F84D3CCB17D}"
EndProject
Project("{9A19103F-16F7-4668-BE54-9A1E7A4F7556}") = "Ordering.Domain", "Services\Ordering\Ordering.Domain\Ordering.Domain.csproj", "{BDC4B0E2-1072-4126-9087-B12D85D554D8}"
EndProject
Project("{9A19103F-16F7-4668-BE54-9A1E7A4F7556}") = "Ordering.Infrastructure", "Services\Ordering\Ordering.Infrastructure\Ordering.Infrastructure.csproj", "{46291E50-FAF8-485A-8C42-72968741B50E}"
EndProject
Project("{2150E333-8FDC-42A3-9474-1A3956D46DE8}") = "BuildingBlocks", "BuildingBlocks", "{C2E913E2-31A4-4D47-A73D-37792B01C99E}"
EndProject
Project("{FAE04EC0-301F-11D3-BF4B-00C04F79EFBC}") = "EventBus.Messages", "BuildingBlocks\EventBus.Messages\EventBus.Messages.csproj", "{BA0156F6-7422-4972-B7D2-C645A0E8F8DA}"
EndProject
Global
	GlobalSection(SolutionConfigurationPlatforms) = preSolution
		Debug|Any CPU = Debug|Any CPU
		Release|Any CPU = Release|Any CPU
	EndGlobalSection
	GlobalSection(ProjectConfigurationPlatforms) = postSolution
		{E96AC427-04E5-4CC4-B342-1D2305C6A2DF}.Debug|Any CPU.ActiveCfg = Debug|Any CPU
		{E96AC427-04E5-4CC4-B342-1D2305C6A2DF}.Debug|Any CPU.Build.0 = Debug|Any CPU
		{E96AC427-04E5-4CC4-B342-1D2305C6A2DF}.Release|Any CPU.ActiveCfg = Release|Any CPU
		{E96AC427-04E5-4CC4-B342-1D2305C6A2DF}.Release|Any CPU.Build.0 = Release|Any CPU
		{321CC731-983B-4DDB-9735-8F8818B1D843}.Debug|Any CPU.ActiveCfg = Debug|Any CPU
		{321CC731-983B-4DDB-9735-8F8818B1D843}.Debug|Any CPU.Build.0 = Debug|Any CPU
		{321CC731-983B-4DDB-9735-8F8818B1D843}.Release|Any CPU.ActiveCfg = Release|Any CPU
		{321CC731-983B-4DDB-9735-8F8818B1D843}.Release|Any CPU.Build.0 = Release|Any CPU
		{74647BBE-8FD8-4483-90BF-12D06D926A6A}.Debug|Any CPU.ActiveCfg = Debug|Any CPU
		{74647BBE-8FD8-4483-90BF-12D06D926A6A}.Debug|Any CPU.Build.0 = Debug|Any CPU
		{74647BBE-8FD8-4483-90BF-12D06D926A6A}.Release|Any CPU.ActiveCfg = Release|Any CPU
		{74647BBE-8FD8-4483-90BF-12D06D926A6A}.Release|Any CPU.Build.0 = Release|Any CPU
		{4B2B043A-5B93-44EA-BB88-90FF7E369439}.Debug|Any CPU.ActiveCfg = Debug|Any CPU
		{4B2B043A-5B93-44EA-BB88-90FF7E369439}.Debug|Any CPU.Build.0 = Debug|Any CPU
		{4B2B043A-5B93-44EA-BB88-90FF7E369439}.Release|Any CPU.ActiveCfg = Release|Any CPU
		{4B2B043A-5B93-44EA-BB88-90FF7E369439}.Release|Any CPU.Build.0 = Release|Any CPU
		{6D752599-3F3B-4279-A21D-5CD094B26DC9}.Debug|Any CPU.ActiveCfg = Debug|Any CPU
		{6D752599-3F3B-4279-A21D-5CD094B26DC9}.Debug|Any CPU.Build.0 = Debug|Any CPU
		{6D752599-3F3B-4279-A21D-5CD094B26DC9}.Release|Any CPU.ActiveCfg = Release|Any CPU
		{6D752599-3F3B-4279-A21D-5CD094B26DC9}.Release|Any CPU.Build.0 = Release|Any CPU
		{E2CBF9F6-A8B5-4ABD-ACD5-AA2540BC511C}.Debug|Any CPU.ActiveCfg = Debug|Any CPU
		{E2CBF9F6-A8B5-4ABD-ACD5-AA2540BC511C}.Debug|Any CPU.Build.0 = Debug|Any CPU
		{E2CBF9F6-A8B5-4ABD-ACD5-AA2540BC511C}.Release|Any CPU.ActiveCfg = Release|Any CPU
		{E2CBF9F6-A8B5-4ABD-ACD5-AA2540BC511C}.Release|Any CPU.Build.0 = Release|Any CPU
		{7D7AE6AC-D43A-45CB-B0E0-AF30D1ADFFA4}.Debug|Any CPU.ActiveCfg = Debug|Any CPU
		{7D7AE6AC-D43A-45CB-B0E0-AF30D1ADFFA4}.Debug|Any CPU.Build.0 = Debug|Any CPU
		{7D7AE6AC-D43A-45CB-B0E0-AF30D1ADFFA4}.Release|Any CPU.ActiveCfg = Release|Any CPU
		{7D7AE6AC-D43A-45CB-B0E0-AF30D1ADFFA4}.Release|Any CPU.Build.0 = Release|Any CPU
		{3B5671CF-F3AF-49BF-9033-CEF5E573AAFC}.Debug|Any CPU.ActiveCfg = Debug|Any CPU
		{3B5671CF-F3AF-49BF-9033-CEF5E573AAFC}.Debug|Any CPU.Build.0 = Debug|Any CPU
		{3B5671CF-F3AF-49BF-9033-CEF5E573AAFC}.Release|Any CPU.ActiveCfg = Release|Any CPU
		{3B5671CF-F3AF-49BF-9033-CEF5E573AAFC}.Release|Any CPU.Build.0 = Release|Any CPU
		{E43CB127-8B22-42DB-B89D-3E2FA35BD534}.Debug|Any CPU.ActiveCfg = Debug|Any CPU
		{E43CB127-8B22-42DB-B89D-3E2FA35BD534}.Debug|Any CPU.Build.0 = Debug|Any CPU
		{E43CB127-8B22-42DB-B89D-3E2FA35BD534}.Release|Any CPU.ActiveCfg = Release|Any CPU
		{E43CB127-8B22-42DB-B89D-3E2FA35BD534}.Release|Any CPU.Build.0 = Release|Any CPU
		{CCD675E5-F247-4369-B0BF-1F07D68A2F0D}.Debug|Any CPU.ActiveCfg = Debug|Any CPU
		{CCD675E5-F247-4369-B0BF-1F07D68A2F0D}.Debug|Any CPU.Build.0 = Debug|Any CPU
		{CCD675E5-F247-4369-B0BF-1F07D68A2F0D}.Release|Any CPU.ActiveCfg = Release|Any CPU
		{CCD675E5-F247-4369-B0BF-1F07D68A2F0D}.Release|Any CPU.Build.0 = Release|Any CPU
		{E73BC97B-9C14-4996-8055-B3CA23DB26B8}.Debug|Any CPU.ActiveCfg = Debug|Any CPU
		{E73BC97B-9C14-4996-8055-B3CA23DB26B8}.Debug|Any CPU.Build.0 = Debug|Any CPU
		{E73BC97B-9C14-4996-8055-B3CA23DB26B8}.Release|Any CPU.ActiveCfg = Release|Any CPU
		{E73BC97B-9C14-4996-8055-B3CA23DB26B8}.Release|Any CPU.Build.0 = Release|Any CPU
		{B1C7DB65-B9E2-467D-BBF3-57BF7F69E8C9}.Debug|Any CPU.ActiveCfg = Debug|Any CPU
		{B1C7DB65-B9E2-467D-BBF3-57BF7F69E8C9}.Debug|Any CPU.Build.0 = Debug|Any CPU
		{B1C7DB65-B9E2-467D-BBF3-57BF7F69E8C9}.Release|Any CPU.ActiveCfg = Release|Any CPU
		{B1C7DB65-B9E2-467D-BBF3-57BF7F69E8C9}.Release|Any CPU.Build.0 = Release|Any CPU
		{3F2ED397-4C4E-4E24-B8BA-1F84D3CCB17D}.Debug|Any CPU.ActiveCfg = Debug|Any CPU
		{3F2ED397-4C4E-4E24-B8BA-1F84D3CCB17D}.Debug|Any CPU.Build.0 = Debug|Any CPU
		{3F2ED397-4C4E-4E24-B8BA-1F84D3CCB17D}.Release|Any CPU.ActiveCfg = Release|Any CPU
		{3F2ED397-4C4E-4E24-B8BA-1F84D3CCB17D}.Release|Any CPU.Build.0 = Release|Any CPU
		{BDC4B0E2-1072-4126-9087-B12D85D554D8}.Debug|Any CPU.ActiveCfg = Debug|Any CPU
		{BDC4B0E2-1072-4126-9087-B12D85D554D8}.Debug|Any CPU.Build.0 = Debug|Any CPU
		{BDC4B0E2-1072-4126-9087-B12D85D554D8}.Release|Any CPU.ActiveCfg = Release|Any CPU
		{BDC4B0E2-1072-4126-9087-B12D85D554D8}.Release|Any CPU.Build.0 = Release|Any CPU
		{46291E50-FAF8-485A-8C42-72968741B50E}.Debug|Any CPU.ActiveCfg = Debug|Any CPU
		{46291E50-FAF8-485A-8C42-72968741B50E}.Debug|Any CPU.Build.0 = Debug|Any CPU
		{46291E50-FAF8-485A-8C42-72968741B50E}.Release|Any CPU.ActiveCfg = Release|Any CPU
		{46291E50-FAF8-485A-8C42-72968741B50E}.Release|Any CPU.Build.0 = Release|Any CPU
		{BA0156F6-7422-4972-B7D2-C645A0E8F8DA}.Debug|Any CPU.ActiveCfg = Debug|Any CPU
		{BA0156F6-7422-4972-B7D2-C645A0E8F8DA}.Debug|Any CPU.Build.0 = Debug|Any CPU
		{BA0156F6-7422-4972-B7D2-C645A0E8F8DA}.Release|Any CPU.ActiveCfg = Release|Any CPU
		{BA0156F6-7422-4972-B7D2-C645A0E8F8DA}.Release|Any CPU.Build.0 = Release|Any CPU
	EndGlobalSection
	GlobalSection(SolutionProperties) = preSolution
		HideSolutionNode = FALSE
	EndGlobalSection
	GlobalSection(NestedProjects) = preSolution
		{BD3BF6F2-2F27-438B-B883-6F39C6AC4FB6} = {722D01FC-1F0C-4A4E-9217-AC7F95CBEC00}
		{E96AC427-04E5-4CC4-B342-1D2305C6A2DF} = {BD3BF6F2-2F27-438B-B883-6F39C6AC4FB6}
		{A87ECE65-334D-48D9-9420-1EE6E1780B01} = {722D01FC-1F0C-4A4E-9217-AC7F95CBEC00}
		{74647BBE-8FD8-4483-90BF-12D06D926A6A} = {A87ECE65-334D-48D9-9420-1EE6E1780B01}
		{4B2B043A-5B93-44EA-BB88-90FF7E369439} = {A87ECE65-334D-48D9-9420-1EE6E1780B01}
		{6D752599-3F3B-4279-A21D-5CD094B26DC9} = {A87ECE65-334D-48D9-9420-1EE6E1780B01}
		{9CB868AA-9C81-4EAE-9394-3D9BAFA7C84B} = {722D01FC-1F0C-4A4E-9217-AC7F95CBEC00}
		{E2CBF9F6-A8B5-4ABD-ACD5-AA2540BC511C} = {9CB868AA-9C81-4EAE-9394-3D9BAFA7C84B}
		{7D7AE6AC-D43A-45CB-B0E0-AF30D1ADFFA4} = {9CB868AA-9C81-4EAE-9394-3D9BAFA7C84B}
		{3B5671CF-F3AF-49BF-9033-CEF5E573AAFC} = {9CB868AA-9C81-4EAE-9394-3D9BAFA7C84B}
		{E43CB127-8B22-42DB-B89D-3E2FA35BD534} = {9CB868AA-9C81-4EAE-9394-3D9BAFA7C84B}
		{CCD675E5-F247-4369-B0BF-1F07D68A2F0D} = {722D01FC-1F0C-4A4E-9217-AC7F95CBEC00}
		{E73BC97B-9C14-4996-8055-B3CA23DB26B8} = {722D01FC-1F0C-4A4E-9217-AC7F95CBEC00}
		{B1C7DB65-B9E2-467D-BBF3-57BF7F69E8C9} = {722D01FC-1F0C-4A4E-9217-AC7F95CBEC00}
		{49B6BB59-9BA0-4ED1-9EE9-916DAEC40D62} = {722D01FC-1F0C-4A4E-9217-AC7F95CBEC00}
		{3F2ED397-4C4E-4E24-B8BA-1F84D3CCB17D} = {49B6BB59-9BA0-4ED1-9EE9-916DAEC40D62}
		{BDC4B0E2-1072-4126-9087-B12D85D554D8} = {49B6BB59-9BA0-4ED1-9EE9-916DAEC40D62}
		{46291E50-FAF8-485A-8C42-72968741B50E} = {49B6BB59-9BA0-4ED1-9EE9-916DAEC40D62}
		{BA0156F6-7422-4972-B7D2-C645A0E8F8DA} = {C2E913E2-31A4-4D47-A73D-37792B01C99E}
	EndGlobalSection
	GlobalSection(ExtensibilityGlobals) = postSolution
		SolutionGuid = {BCAD1E2A-C10B-4B45-92D9-0596FB72D952}
	EndGlobalSection
EndGlobal
